
Microsoft Visual Studio Solution File, Format Version 12.00
# Visual Studio Version 16
VisualStudioVersion = 16.0.810.25
MinimumVisualStudioVersion = 10.0.40219.1
Project("{FAE04EC0-301F-11D3-BF4B-00C04F79EFBC}") = "TinyJSON", "Source\Tiny-JSON\TinyJSON.csproj", "{B2B75770-D369-41E7-9FDA-5B6F446CAB3A}"
EndProject
Global
	GlobalSection(SolutionConfigurationPlatforms) = preSolution
		Debug|Any CPU = Debug|Any CPU
		Release|Any CPU = Release|Any CPU
	EndGlobalSection
	GlobalSection(ProjectConfigurationPlatforms) = postSolution
		{B2B75770-D369-41E7-9FDA-5B6F446CAB3A}.Debug|Any CPU.ActiveCfg = Debug|Any CPU
		{B2B75770-D369-41E7-9FDA-5B6F446CAB3A}.Debug|Any CPU.Build.0 = Debug|Any CPU
		{B2B75770-D369-41E7-9FDA-5B6F446CAB3A}.Release|Any CPU.ActiveCfg = Release|Any CPU
		{B2B75770-D369-41E7-9FDA-5B6F446CAB3A}.Release|Any CPU.Build.0 = Release|Any CPU
	EndGlobalSection
	GlobalSection(SolutionProperties) = preSolution
		HideSolutionNode = FALSE
	EndGlobalSection
	GlobalSection(ExtensibilityGlobals) = postSolution
		SolutionGuid = {531DC123-AEFE-4423-B20D-5ACD68E0C26F}
	EndGlobalSection
EndGlobal
